{
  "nodes": {
    "agenix": {
      "inputs": {
        "darwin": "darwin",
        "home-manager": "home-manager",
        "nixpkgs": [
          "nixpkgs"
        ],
        "systems": "systems"
      },
      "locked": {
        "lastModified": 1770165109,
        "narHash": "sha256-9VnK6Oqai65puVJ4WYtCTvlJeXxMzAp/69HhQuTdl/I=",
        "owner": "ryantm",
        "repo": "agenix",
        "rev": "b027ee29d959fda4b60b57566d64c98a202e0feb",
        "type": "github"
      },
      "original": {
        "owner": "ryantm",
        "repo": "agenix",
        "type": "github"
      }
    },
    "archipelago": {
      "inputs": {
        "balatroap": "balatroap",
        "balatroap-poptracker": "balatroap-poptracker",
        "poptracker": "poptracker",
        "src": "src",
        "sts2": "sts2",
        "universal-tracker": "universal-tracker"
      },
      "locked": {
        "path": "hosts/desktop/archipelago",
        "type": "path"
      },
      "original": {
        "path": "hosts/desktop/archipelago",
        "type": "path"
      },
      "parent": []
    },
    "balatroap": {
      "flake": false,
      "locked": {
        "lastModified": 1776763913,
        "narHash": "sha256-TIJ2VKNoD+Z0Qxgbo/DJD+JPdZEaKeqA0rnTiiTepv4=",
        "owner": "BurndiL",
        "repo": "BalatroAP",
        "rev": "8909c173dbb0ce8e75571bdb4afcbcfe597fbb04",
        "type": "github"
      },
      "original": {
        "owner": "BurndiL",
        "repo": "BalatroAP",
        "type": "github"
      }
    },
    "balatroap-poptracker": {
      "flake": false,
      "locked": {
        "lastModified": 1740595577,
        "narHash": "sha256-kMl41zhoOb5Iq3lQNiDSklvMMKiurnRsi+5IqM18EQc=",
        "owner": "graygooglitch",
        "repo": "balatroap_poptracker",
        "rev": "578e50aa12733f93dc78194c19248afbd847463b",
        "type": "github"
      },
      "original": {
        "owner": "graygooglitch",
        "repo": "balatroap_poptracker",
        "type": "github"
      }
    },
    "bend": {
      "flake": false,
      "locked": {
        "lastModified": 1790395881,
        "narHash": "sha256-XrHqnxkw6RlkygjxTqa0Wj6IxMGsQGqwuTpXAmcaDe0=",
        "owner": "bendlang",
        "repo": "bend",
        "rev": "574b6d39a235b539eb19a5c532993a0abb3d11ad",
        "type": "github"
      },
      "original": {
        "owner": "bendlang",
        "repo": "bend",
        "type": "github"
      }
    },
    "bun2nix": {
      "inputs": {
        "flake-parts": [
          "llm-agents",
          "flake-parts"
        ],
        "nixpkgs": [
          "llm-agents",
          "nixpkgs"
        ],
        "systems": [
          "llm-agents",
          "systems"
        ],
        "treefmt-nix": [
          "llm-agents",
          "treefmt-nix"
        ]
      },
      "locked": {
        "lastModified": 1790001035,
        "narHash": "sha256-1/SLBjSYBzDdDhvLQ83wrzBakyS/xNGgtxHGNuveOEQ=",
        "owner": "Mic92",
        "repo": "bun2nix",
        "rev": "07a5bfc8ac36c5370199343fa620b69f63186e33",
        "type": "github"
      },
      "original": {
        "owner": "Mic92",
        "ref": "llm-agents",
        "repo": "bun2nix",
        "type": "github"
      }
    },
    "cinference": {
      "flake": false,
      "locked": {
        "lastModified": 1790050021,
        "narHash": "sha256-aJQ2LroNBl3+VCffVi7qvv9OwMIkVtSodVFWr2TEWkw=",
        "owner": "satellitedown",
        "repo": "cinference",
        "rev": "2205806b3e9d12b23673a146eab1d36755ebc3a0",
        "type": "github"
      },
      "original": {
        "owner": "satellitedown",
        "repo": "cinference",
        "type": "github"
      }
    },
    "darwin": {
      "inputs": {
        "nixpkgs": [
          "agenix",
          "nixpkgs"
        ]
      },
      "locked": {
        "lastModified": 1744478979,
        "narHash": "sha256-dyN+teG9G82G+m+PX/aSAagkC+vUv0SgUw3XkPhQodQ=",
        "owner": "lnl7",
        "repo": "nix-darwin",
        "rev": "43975d782b418ebf4969e9ccba82466728c2851b",
        "type": "github"
      },
      "original": {
        "owner": "lnl7",
        "ref": "master",
        "repo": "nix-darwin",
        "type": "github"
      }
    },
    "difftastic": {
      "flake": false,
      "locked": {
        "lastModified": 1790066385,
        "narHash": "sha256-FLEC0/Ktndp3+DOIcJz3fmIH99hXOueHLCj/2JRa1iQ=",
        "owner": "Wilfred",
        "repo": "difftastic",
        "rev": "e2e1e3b7f5be18290135cc16ec521c16284eb21b",
        "type": "github"
      },
      "original": {
        "owner": "Wilfred",
        "repo": "difftastic",
        "type": "github"
      }
    },
    "dsh": {
      "flake": false,
      "locked": {
        "lastModified": 1790257199,
        "narHash": "sha256-bWeyipPsY5KclNGJPIttZ9CKRXCqkNIoKmK8VKN7FnI=",
        "owner": "deepseek-ai",
        "repo": "deepseek-harness",
        "rev": "477b4f420553e8a52c2fbccc464d7561b239c443",
        "type": "github"
      },
      "original": {
        "owner": "deepseek-ai",
        "repo": "deepseek-harness",
        "type": "github"
      }
    },
    "echarts": {
      "flake": false,
      "locked": {
        "lastModified": 1789172396,
        "narHash": "sha256-GXz/jwRgnWHjSZEhUTiVe6V7Ng8eK2DTm/BCSNwHHiU=",
        "owner": "apache",
        "repo": "echarts",
        "rev": "984bf46b2f905dd0ad909a2d5e6e9d66a1b6568c",
        "type": "github"
      },
      "original": {
        "owner": "apache",
        "repo": "echarts",
        "type": "github"
      }
    },
    "exllamav3": {
      "flake": false,
      "locked": {
        "lastModified": 1789935406,
        "narHash": "sha256-QrDC1BpQ5lbIIVgF5rpBr2aKhA9aY7Z/cfkywLWl76k=",
        "owner": "turboderp-org",
        "repo": "exllamav3",
        "rev": "6b84a21b6f1e5da3f291b9e1019061f0de788279",
        "type": "github"
      },
      "original": {
        "owner": "turboderp-org",
        "repo": "exllamav3",
        "type": "github"
      }
    },
    "flake-parts": {
      "inputs": {
        "nixpkgs-lib": [
          "llm-agents",
          "nixpkgs"
        ]
      },
      "locked": {
        "lastModified": 1788450739,
        "narHash": "sha256-glZLQlzIn1fXH6PazR2iUmTo7kzzyYSshrWhLS9TqCU=",
        "owner": "hercules-ci",
        "repo": "flake-parts",
        "rev": "31729ca8cbdb4fa927b34e5f4353e6a83f39e993",
        "type": "github"
      },
      "original": {
        "owner": "hercules-ci",
        "repo": "flake-parts",
        "type": "github"
      }
    },
    "flake-parts_2": {
      "inputs": {
        "nixpkgs-lib": [
          "nur",
          "nixpkgs"
        ]
      },
      "locked": {
        "lastModified": 1733312601,
        "narHash": "sha256-4pDvzqnegAfRkPwO3wmwBhVi/Sye1mzps0zHWYnP88c=",
        "owner": "hercules-ci",
        "repo": "flake-parts",
        "rev": "205b12d8b7cd4802fbcb8e8ef6a0f1408781a4f9",
        "type": "github"
      },
      "original": {
        "owner": "hercules-ci",
        "repo": "flake-parts",
        "type": "github"
      }
    },
    "fluent-oled": {
      "flake": false,
      "locked": {
        "lastModified": 1777848004,
        "narHash": "sha256-+pKAXk/3T8rOSA0DEN8LU/b0y0kVG1kq0Opk/YrBs4I=",
        "owner": "fermeridamagni",
        "repo": "fluent-oled",
        "rev": "3f81bf958976fad0a165e79f91850cb4f0835ba1",
        "type": "github"
      },
      "original": {
        "owner": "fermeridamagni",
        "repo": "fluent-oled",
        "type": "github"
      }
    },
    "graphify": {
      "flake": false,
      "locked": {
        "lastModified": 1790350381,
        "narHash": "sha256-DazUBHVT2BmM3mHpPt0a1ulOmUWlTSXFXOA9O40IbI0=",
        "owner": "Graphify-Labs",
        "repo": "graphify",
        "rev": "4000de15466588ec3ee32f9e10a587ca97d3b8a5",
        "type": "github"
      },
      "original": {
        "owner": "Graphify-Labs",
        "repo": "graphify",
        "type": "github"
      }
    },
    "graphlore": {
      "flake": false,
      "locked": {
        "lastModified": 1788095629,
        "narHash": "sha256-Cg9uXuUyZUwqTd8lRAK8vKFvIqM0ASLhg6u4FFsq1hk=",
        "owner": "yasinyaman",
        "repo": "graphlore",
        "rev": "7b18882845d678167aa47e24aa034fef80fdb41b",
        "type": "github"
      },
      "original": {
        "owner": "yasinyaman",
        "repo": "graphlore",
        "type": "github"
      }
    },
    "headroom": {
      "flake": false,
      "locked": {
        "lastModified": 1790364580,
        "narHash": "sha256-pnbnzyETxSiHyDpYLypY/eK76Iu2Vn1ueuTrnoqYFd0=",
        "owner": "chopratejas",
        "repo": "headroom",
        "rev": "66f426171bab32692cf93d2b656a8e4be9004186",
        "type": "github"
      },
      "original": {
        "owner": "chopratejas",
        "repo": "headroom",
        "type": "github"
      }
    },
    "home-manager": {
      "inputs": {
        "nixpkgs": [
          "agenix",
          "nixpkgs"
        ]
      },
      "locked": {
        "lastModified": 1745494811,
        "narHash": "sha256-YZCh2o9Ua1n9uCvrvi5pRxtuVNml8X2a03qIFfRKpFs=",
        "owner": "nix-community",
        "repo": "home-manager",
        "rev": "abfad3d2958c9e6300a883bd443512c55dfeb1be",
        "type": "github"
      },
      "original": {
        "owner": "nix-community",
        "repo": "home-manager",
        "type": "github"
      }
    },
    "home-manager_2": {
      "inputs": {
        "nixpkgs": [
          "nixpkgs"
        ]
      },
      "locked": {
        "lastModified": 1790365885,
        "narHash": "sha256-iQ0ebhiVo64NktTnwft9hNxlFu4j5cvljVxyJaEVIP4=",
        "owner": "nix-community",
        "repo": "home-manager",
        "rev": "7b4c5ec4bedaf1e062bbc1bcaeddbc6bd242aa1b",
        "type": "github"
      },
      "original": {
        "owner": "nix-community",
        "repo": "home-manager",
        "type": "github"
      }
    },
    "home-manager_3": {
      "inputs": {
        "nixpkgs": [
          "plasma-manager",
          "nixpkgs"
        ]
      },
      "locked": {
        "lastModified": 1756579987,
        "narHash": "sha256-duCce8zGsaMsrqqOmLOsuaV1PVIw/vXWnKuLKZClsGg=",
        "owner": "nix-community",
        "repo": "home-manager",
        "rev": "99a69bdf8a3c6bf038c4121e9c4b6e99706a187a",
        "type": "github"
      },
      "original": {
        "owner": "nix-community",
        "repo": "home-manager",
        "type": "github"
      }
    },
    "hushmic": {
      "flake": false,
      "locked": {
        "lastModified": 1790106565,
        "narHash": "sha256-gERdJzBy57I8cBLsL7Gabm+5fJKA7vhsPEO5wrn+4CU=",
        "owner": "Fovty",
        "repo": "hushmic",
        "rev": "efeb4b0c8317741e6688e4285c0bc9a34e30da57",
        "type": "github"
      },
      "original": {
        "owner": "Fovty",
        "repo": "hushmic",
        "type": "github"
      }
    },
    "jail-nix": {
      "locked": {
        "lastModified": 1788928033,
        "narHash": "sha256-UQRytK4SsshV1CeX6aKF+P855Sbcqg9aA731eYTakNg=",
        "owner": "~alexdavid",
        "repo": "jail.nix",
        "rev": "7cd53acef3ad51b9c775be759f5643f8d3bcf6eb",
        "type": "sourcehut"
      },
      "original": {
        "owner": "~alexdavid",
        "repo": "jail.nix",
        "type": "sourcehut"
      }
    },
    "kivymd": {
      "flake": false,
      "locked": {
        "lastModified": 1788762870,
        "narHash": "sha256-01On2A5H9spJceDVL1TMYeMK8ViJRKi1FoNz3lNuOMg=",
        "owner": "kivymd",
        "repo": "KivyMD",
        "rev": "4a2617ea24e13ef2540c37edb95a54ef02e78707",
        "type": "github"
      },
      "original": {
        "owner": "kivymd",
        "repo": "KivyMD",
        "type": "github"
      }
    },
    "knife": {
      "flake": false,
      "locked": {
        "lastModified": 1790354281,
        "narHash": "sha256-uHYSNKe8CsOBJUO55dNzFJ986h3SdYN/a7K9XOnzfcY=",
        "owner": "bl4ckr0ss3",
        "repo": "knife",
        "rev": "578bd7832fc76a75ee085d62bf8929da585799fa",
        "type": "github"
      },
      "original": {
        "owner": "bl4ckr0ss3",
        "repo": "knife",
        "type": "github"
      }
    },
    "librepods": {
      "flake": false,
      "locked": {
        "lastModified": 1790355971,
        "narHash": "sha256-fneXgRKfv1PVK7+Y7iJmcvTLm/wHfCBmniGpP1EzmOw=",
        "owner": "librepods-org",
        "repo": "librepods",
        "rev": "929a5358c62ce1fc66fa63200d77eab872a07507",
        "type": "github"
      },
      "original": {
        "owner": "librepods-org",
        "repo": "librepods",
        "type": "github"
      }
    },
    "llama-cpp": {
      "flake": false,
      "locked": {
        "lastModified": 1790403681,
        "narHash": "sha256-4QRDhVzVqo0qQoO26UQFxPnGbPu2i1wrq4Kjw9K+4xk=",
        "owner": "ggml-org",
        "repo": "llama.cpp",
        "rev": "965f89794fd9395ad5b49dd0adb3c04d8b5c5e13",
        "type": "github"
      },
      "original": {
        "owner": "ggml-org",
        "repo": "llama.cpp",
        "type": "github"
      }
    },
    "llama-cpp-bonsai": {
      "flake": false,
      "locked": {
        "lastModified": 1790361756,
        "narHash": "sha256-SNBAC+dNTwQxpGmKyG7i/8eqCNg6985DXtqGbzWgwFA=",
        "owner": "PrismML-Eng",
        "repo": "llama.cpp",
        "rev": "adfffbe41b2cabcd51fff326ab045662265062bb",
        "type": "github"
      },
      "original": {
        "owner": "PrismML-Eng",
        "repo": "llama.cpp",
        "type": "github"
      }
    },
    "llm-agents": {
      "inputs": {
        "bun2nix": "bun2nix",
        "flake-parts": "flake-parts",
        "nixpkgs": "nixpkgs",
        "systems": "systems_2",
        "treefmt-nix": "treefmt-nix"
      },
      "locked": {
        "lastModified": 1790398887,
        "narHash": "sha256-vD/DZ9vxJWz4iorDqMYhYdx38ZbuhsFAWuhZoYBM7Uw=",
        "owner": "numtide",
        "repo": "llm-agents.nix",
        "rev": "bbb0f9a24c3a5ce918f3d8103397ce08b20300e1",
        "type": "github"
      },
      "original": {
        "owner": "numtide",
        "repo": "llm-agents.nix",
        "type": "github"
      }
    },
    "minuspod": {
      "flake": false,
      "locked": {
        "lastModified": 1790102984,
        "narHash": "sha256-mfEdZ6bLID9PmmmwI+iijJa2wBGRXbYlKby7EKR0NnY=",
        "owner": "ttlequals0",
        "repo": "MinusPod",
        "rev": "90acf204a0157f55301f1a8f7db85baccfcc5acb",
        "type": "github"
      },
      "original": {
        "owner": "ttlequals0",
        "repo": "MinusPod",
        "type": "github"
      }
    },
    "ninfer": {
      "flake": false,
      "locked": {
        "lastModified": 1790225891,
        "narHash": "sha256-GPMN36XDPbqZjED7WR6OfMhn2y3srsi1U6tSYvb/KOw=",
        "owner": "Neroued",
        "repo": "ninfer",
        "rev": "bace20dc70249eed6402b66d4852c6c3f9612905",
        "type": "github"
      },
      "original": {
        "owner": "Neroued",
        "repo": "ninfer",
        "type": "github"
      }
    },
    "ninfer-gzenz": {
      "flake": false,
      "locked": {
        "lastModified": 1790282037,
        "narHash": "sha256-m29b/jFd2oBmzYvHlW9xglsrhFbDFTmgCeI0BVpqG1s=",
        "owner": "gzenz",
        "repo": "ninfer",
        "rev": "e919931ae18c3352a8ade91c0e77246fcc8d555d",
        "type": "github"
      },
      "original": {
        "owner": "gzenz",
        "repo": "ninfer",
        "type": "github"
      }
    },
    "nix-ide": {
      "flake": false,
      "locked": {
        "lastModified": 1784892343,
        "narHash": "sha256-GLVWBO0JrsK4dxZ7F2xeXltAFgBV4bkfiPQcb7EuFHU=",
        "owner": "nix-community",
        "repo": "vscode-nix-ide",
        "rev": "065fcba88075f682cdd4db7738f13d2c9e2d5c6a",
        "type": "github"
      },
      "original": {
        "owner": "nix-community",
        "repo": "vscode-nix-ide",
        "type": "github"
      }
    },
    "nixpkgs": {
      "locked": {
        "lastModified": 1790361504,
        "narHash": "sha256-s1k+HBVKC2tU/0CGYEuFGmGLlh2bNRRzNorrgRA4Jn8=",
        "owner": "NixOS",
        "repo": "nixpkgs",
        "rev": "79b6d20e55596f80baa35cda2a334da8a1fbf1ea",
        "type": "github"
      },
      "original": {
        "owner": "NixOS",
        "ref": "nixpkgs-unstable",
        "repo": "nixpkgs",
        "type": "github"
      }
    },
    "nixpkgs_2": {
      "locked": {
        "lastModified": 1790323409,
        "narHash": "sha256-VVTPf+Hyd5ebpjBMHmrLMSBIeW6ls48Bqtosj7CNKLA=",
        "owner": "NixOS",
        "repo": "nixpkgs",
        "rev": "e94cb152ed51bd6e24eb4a41f1460252beb52cd2",
        "type": "github"
      },
      "original": {
        "owner": "NixOS",
        "ref": "nixos-unstable",
        "repo": "nixpkgs",
        "type": "github"
      }
    },
    "nixpkgs_3": {
      "locked": {
        "lastModified": 1790323409,
        "narHash": "sha256-VVTPf+Hyd5ebpjBMHmrLMSBIeW6ls48Bqtosj7CNKLA=",
        "owner": "nixos",
        "repo": "nixpkgs",
        "rev": "e94cb152ed51bd6e24eb4a41f1460252beb52cd2",
        "type": "github"
      },
      "original": {
        "owner": "nixos",
        "ref": "nixos-unstable",
        "repo": "nixpkgs",
        "type": "github"
      }
    },
    "nur": {
      "inputs": {
        "flake-parts": "flake-parts_2",
        "nixpkgs": "nixpkgs_3"
      },
      "locked": {
        "lastModified": 1790402569,
        "narHash": "sha256-b7g9xEFCJjzYTjY1vtA5e+RlFsyQDspOqk7peN5DO70=",
        "owner": "nix-community",
        "repo": "NUR",
        "rev": "24fc3d1af762a012fe48648bd66542f9466f2141",
        "type": "github"
      },
      "original": {
        "owner": "nix-community",
        "repo": "NUR",
        "type": "github"
      }
    },
    "plasma-manager": {
      "inputs": {
        "home-manager": "home-manager_3",
        "nixpkgs": [
          "nixpkgs"
        ]
      },
      "locked": {
        "lastModified": 1785762349,
        "narHash": "sha256-jZhZkzAwc7f3exzcTDJWP2WCAchCv0iNC3UF/QsahdQ=",
        "owner": "nix-community",
        "repo": "plasma-manager",
        "rev": "a19a2a029fa180911bd89c554dca1616e10f4c1d",
        "type": "github"
      },
      "original": {
        "owner": "nix-community",
        "repo": "plasma-manager",
        "type": "github"
      }
    },
    "poptracker": {
      "flake": false,
      "locked": {
        "lastModified": 1790353383,
        "narHash": "sha256-0g0BZmjjKcaHF4HcYg0peou/SbtifHj14buyxLcyVNs=",
        "owner": "black-sliver",
        "repo": "PopTracker",
        "rev": "cd87193f5392afbdbfb6bdacfd2d1df50f3de67f",
        "type": "github"
      },
      "original": {
        "owner": "black-sliver",
        "repo": "PopTracker",
        "type": "github"
      }
    },
    "pyproject-build-systems": {
      "inputs": {
        "nixpkgs": [
          "nixpkgs"
        ],
        "pyproject-nix": [
          "pyproject-nix"
        ],
        "uv2nix": [
          "uv2nix"
        ]
      },
      "locked": {
        "lastModified": 1790340365,
        "narHash": "sha256-SNbVKxCfjcZGrkODFRb2hFKWfcVIKAx1PvzZlQJo2X0=",
        "owner": "pyproject-nix",
        "repo": "build-system-pkgs",
        "rev": "32156c9d9777eba86b09ad0e3299e6cd6e3fa46f",
        "type": "github"
      },
      "original": {
        "owner": "pyproject-nix",
        "repo": "build-system-pkgs",
        "type": "github"
      }
    },
    "pyproject-nix": {
      "inputs": {
        "nixpkgs": [
          "nixpkgs"
        ]
      },
      "locked": {
        "lastModified": 1788394333,
        "narHash": "sha256-xYOP0Xym1eVGUaHFx+eJEaycFGoiCbst3fZf0xFHP78=",
        "owner": "pyproject-nix",
        "repo": "pyproject.nix",
        "rev": "6a8a7881d75b6f98967e7b8069f4ead331384301",
        "type": "github"
      },
      "original": {
        "owner": "pyproject-nix",
        "repo": "pyproject.nix",
        "type": "github"
      }
    },
    "recurse": {
      "flake": false,
      "locked": {
        "lastModified": 1790344757,
        "narHash": "sha256-zRSXk9+rAjCY7o/2iRwChaQmFbl1NhMnapF6PlGJDy0=",
        "owner": "Recurse-Labs",
        "repo": "recurse",
        "rev": "16f09fe384974bed2c022bcc17ec4680d1e1fd45",
        "type": "github"
      },
      "original": {
        "owner": "Recurse-Labs",
        "repo": "recurse",
        "type": "github"
      }
    },
    "ripwire": {
      "flake": false,
      "locked": {
        "lastModified": 1790401716,
        "narHash": "sha256-c9SZ1Cv0/Vab/2oRpj1w9bwt+MBkBRc2CikB70vxNAA=",
        "owner": "redhat-et",
        "repo": "ripwire",
        "rev": "95a1f28742759795b4629941bfb2116066c3dbf5",
        "type": "github"
      },
      "original": {
        "owner": "redhat-et",
        "repo": "ripwire",
        "type": "github"
      }
    },
    "root": {
      "inputs": {
        "agenix": "agenix",
        "archipelago": "archipelago",
        "bend": "bend",
        "cinference": "cinference",
        "difftastic": "difftastic",
        "dsh": "dsh",
        "echarts": "echarts",
        "exllamav3": "exllamav3",
        "fluent-oled": "fluent-oled",
        "graphify": "graphify",
        "graphlore": "graphlore",
        "headroom": "headroom",
        "home-manager": "home-manager_2",
        "hushmic": "hushmic",
        "jail-nix": "jail-nix",
        "kivymd": "kivymd",
        "knife": "knife",
        "librepods": "librepods",
        "llama-cpp": "llama-cpp",
        "llama-cpp-bonsai": "llama-cpp-bonsai",
        "llm-agents": "llm-agents",
        "minuspod": "minuspod",
        "ninfer": "ninfer",
        "ninfer-gzenz": "ninfer-gzenz",
        "nix-ide": "nix-ide",
        "nixpkgs": "nixpkgs_2",
        "nur": "nur",
        "plasma-manager": "plasma-manager",
        "pyproject-build-systems": "pyproject-build-systems",
        "pyproject-nix": "pyproject-nix",
        "recurse": "recurse",
        "ripwire": "ripwire",
        "serein": "serein",
        "sidra": "sidra",
        "tether": "tether",
        "uv2nix": "uv2nix",
        "wezurrect": "wezurrect",
        "whisper-service": "whisper-service",
        "zilliandomizer": "zilliandomizer"
      }
    },
    "serein": {
      "flake": false,
      "locked": {
        "lastModified": 1790371827,
        "narHash": "sha256-LHnE0+v5gPwiqa51nCtFXdzzMtnexkKvbqUTfPTVv0o=",
        "owner": "ViceVerse-cz",
        "repo": "Serein",
        "rev": "e5b79db2872ac8c7dc4e5a066e34d13fabe8c075",
        "type": "github"
      },
      "original": {
        "owner": "ViceVerse-cz",
        "repo": "Serein",
        "type": "github"
      }
    },
    "sidra": {
      "inputs": {
        "nixpkgs": [
          "nixpkgs"
        ]
      },
      "locked": {
        "lastModified": 1789899222,
        "narHash": "sha256-B00sDpFqhTYuVQIesCdR7GeYJFNogz5U1VmJlSEJnmc=",
        "owner": "wimpysworld",
        "repo": "sidra",
        "rev": "ebba6a85eadd15de9d324503b012f84bf5eaf4ce",
        "type": "github"
      },
      "original": {
        "owner": "wimpysworld",
        "repo": "sidra",
        "type": "github"
      }
    },
    "src": {
      "flake": false,
      "locked": {
        "lastModified": 1790393011,
        "narHash": "sha256-3+DT1cKgLkZkTptV2sPSiDwurM7nG2+SuiWNiDGQFUI=",
        "owner": "ArchipelagoMW",
        "repo": "Archipelago",
        "rev": "5b47bf9bb42972635781c94387f3542c324685a9",
        "type": "github"
      },
      "original": {
        "owner": "ArchipelagoMW",
        "repo": "Archipelago",
        "type": "github"
      }
    },
    "sts2": {
      "flake": false,
      "locked": {
        "lastModified": 1789879342,
        "narHash": "sha256-YJ/unJwQ4aZKfjTK8ZUnSTPMFJxO3sJp4PetqHrGLu4=",
        "owner": "dlueben1",
        "repo": "Slay-the-Spire-2-Archipelago",
        "rev": "9e5d2905c6a3c484354fabfc015cb439e4f78d26",
        "type": "github"
      },
      "original": {
        "owner": "dlueben1",
        "repo": "Slay-the-Spire-2-Archipelago",
        "type": "github"
      }
    },
    "systems": {
      "locked": {
        "lastModified": 1681028828,
        "narHash": "sha256-Vy1rq5AaRuLzOxct8nz4T6wlgyUR7zLU309k9mBC768=",
        "owner": "nix-systems",
        "repo": "default",
        "rev": "da67096a3b9bf56a91d16901293e51ba5b49a27e",
        "type": "github"
      },
      "original": {
        "owner": "nix-systems",
        "repo": "default",
        "type": "github"
      }
    },
    "systems_2": {
      "locked": {
        "lastModified": 1681028828,
        "narHash": "sha256-Vy1rq5AaRuLzOxct8nz4T6wlgyUR7zLU309k9mBC768=",
        "owner": "nix-systems",
        "repo": "default",
        "rev": "da67096a3b9bf56a91d16901293e51ba5b49a27e",
        "type": "github"
      },
      "original": {
        "owner": "nix-systems",
        "repo": "default",
        "type": "github"
      }
    },
    "tether": {
      "inputs": {
        "nixpkgs": [
          "nixpkgs"
        ]
      },
      "locked": {
        "lastModified": 1790299633,
        "narHash": "sha256-tz+7EIhhwc9BCU+EnXuxmTZbOcL2kI4x86R7ED7U3cA=",
        "owner": "zackb",
        "repo": "tether",
        "rev": "0adda5f40351f6f474592a044b5c6d12faaa91f9",
        "type": "github"
      },
      "original": {
        "owner": "zackb",
        "ref": "main",
        "repo": "tether",
        "type": "github"
      }
    },
    "treefmt-nix": {
      "inputs": {
        "nixpkgs": [
          "llm-agents",
          "nixpkgs"
        ]
      },
      "locked": {
        "lastModified": 1786901030,
        "narHash": "sha256-WSFCsDSE5ffgD2MqzkM2CYjeFiKhRF/dJUN8uedb6YE=",
        "owner": "numtide",
        "repo": "treefmt-nix",
        "rev": "27b3b12a8e6375f28ebe122f07d230ca5459bbfa",
        "type": "github"
      },
      "original": {
        "owner": "numtide",
        "repo": "treefmt-nix",
        "type": "github"
      }
    },
    "universal-tracker": {
      "flake": false,
      "locked": {
        "lastModified": 1790133544,
        "narHash": "sha256-YwTjN81LUiJRsAkbAsRR4xYGUGS/LZQEDo5FjFezGik=",
        "owner": "FarisTheAncient",
        "repo": "Archipelago",
        "rev": "1d76dabab604c47ba84b4cd20d495de04b744618",
        "type": "github"
      },
      "original": {
        "owner": "FarisTheAncient",
        "repo": "Archipelago",
        "type": "github"
      }
    },
    "uv2nix": {
      "inputs": {
        "nixpkgs": [
          "nixpkgs"
        ],
        "pyproject-nix": [
          "pyproject-nix"
        ]
      },
      "locked": {
        "lastModified": 1790341335,
        "narHash": "sha256-wFnDm/o/4OebDlpGFyVXP8DLUx0/gR/jUFuGqmTwsQg=",
        "owner": "pyproject-nix",
        "repo": "uv2nix",
        "rev": "a24323e9e6ecbbf305c238845ff6c612d50467c0",
        "type": "github"
      },
      "original": {
        "owner": "pyproject-nix",
        "repo": "uv2nix",
        "type": "github"
      }
    },
    "wezurrect": {
      "flake": false,
      "locked": {
        "lastModified": 1786985046,
        "narHash": "sha256-XDKe6whKaronWdnKcxnJK2fLJ8Ao8e3fg65rVBo5QGA=",
        "owner": "YedPool",
        "repo": "Wezurrect",
        "rev": "7e2d093e49d896cc7db19fa9e3e582ecbdfd7f06",
        "type": "github"
      },
      "original": {
        "owner": "YedPool",
        "repo": "Wezurrect",
        "type": "github"
      }
    },
    "whisper-service": {
      "inputs": {
        "nixpkgs": [
          "nixpkgs"
        ]
      },
      "locked": {
        "path": "hosts/desktop/whisper-service",
        "type": "path"
      },
      "original": {
        "path": "hosts/desktop/whisper-service",
        "type": "path"
      },
      "parent": []
    },
    "zilliandomizer": {
      "flake": false,
      "locked": {
        "lastModified": 1764546541,
        "narHash": "sha256-1rCNyoCimuafhrF/z4w80zDuvRLG93KzH8eZDATcEuI=",
        "owner": "beauxq",
        "repo": "zilliandomizer",
        "rev": "4c0824ceaad05f21861075143c886d47c46e2cda",
        "type": "github"
      },
      "original": {
        "owner": "beauxq",
        "repo": "zilliandomizer",
        "type": "github"
      }
    }
  },
  "root": "root",
  "version": 7
}
